<?xml version="1.0" encoding="utf-8"?>
<Project ToolsVersion="4.0" xmlns="http://schemas.microsoft.com/developer/msbuild/2003">
  <ItemGroup>
    <Filter Include="Source Files">
      <UniqueIdentifier>{4FC737F1-C7A5-4376-A066-2A32D752A2FF}</UniqueIdentifier>
      <Extensions>cpp;c;cc;cxx;def;odl;idl;hpj;bat;asm;asmx</Extensions>
    </Filter>
    <Filter Include="Header Files">
      <UniqueIdentifier>{93995380-89BD-4b04-88EB-625FBE52EBFB}</UniqueIdentifier>
      <Extensions>h;hh;hpp;hxx;hm;inl;inc;ipp;xsd</Extensions>
    </Filter>
    <Filter Include="Resource Files">
      <UniqueIdentifier>{67DA6AB6-F800-4c08-8B7A-83BB121AAD01}</UniqueIdentifier>
      <Extensions>rc;ico;cur;bmp;dlg;rc2;rct;bin;rgs;gif;jpg;jpeg;jpe;resx;tiff;tif;png;wav;mfcribbon-ms</Extensions>
    </Filter>
  </ItemGroup>
  <ItemGroup>
    <ClInclude Include="stdafx.h">
      <Filter>Header Files</Filter>
    </ClInclude>
    <ClInclude Include="targetver.h">
      <Filter>Header Files</Filter>
    </ClInclude>
    <ClInclude Include="Resource.h">
      <Filter>Header Files</Filter>
    </ClInclude>
    <ClInclude Include="AnahtarUreteci.h">
      <Filter>Header Files</Filter>
    </ClInclude>
    <ClInclude Include="aes.h">
      <Filter>Header Files</Filter>
    </ClInclude>
    <ClInclude Include="common.h">
      <Filter>Header Files</Filter>
    </ClInclude>
    <ClInclude Include="DialogBase.h">
      <Filter>Header Files</Filter>
    </ClInclude>
    <ClInclude Include="KeyGenerator.h">
      <Filter>Header Files</Filter>
    </ClInclude>
    <ClInclude Include="MainDlg.h">
      <Filter>Header Files</Filter>
    </ClInclude>
    <ClInclude Include="plaintext.h">
      <Filter>Header Files</Filter>
    </ClInclude>
    <ClInclude Include="present.h">
      <Filter>Header Files</Filter>
    </ClInclude>
    <ClInclude Include="random.h">
      <Filter>Header Files</Filter>
    </ClInclude>
    <ClInclude Include="statFunc.h">
      <Filter>Header Files</Filter>
    </ClInclude>
    <ClInclude Include="TabControlHelper.h">
      <Filter>Header Files</Filter>
    </ClInclude>
    <ClInclude Include="util.h">
      <Filter>Header Files</Filter>
    </ClInclude>
    <ClInclude Include="NEDDlg.h">
      <Filter>Header Files</Filter>
    </ClInclude>
    <ClInclude Include="SeedInput.h">
      <Filter>Header Files</Filter>
    </ClInclude>
    <ClInclude Include="..\openssl-1.0.2l-vs2017\include\openssl\sha.h">
      <Filter>Header Files</Filter>
    </ClInclude>
    <ClInclude Include="..\..\..\..\..\Program Files\Microsoft Visual Studio\2022\Community\VC\Tools\MSVC\14.34.31933\include\__msvc_iter_core.hpp">
      <Filter>Header Files</Filter>
    </ClInclude>
  </ItemGroup>
  <ItemGroup>
    <ClCompile Include="stdafx.cpp">
      <Filter>Source Files</Filter>
    </ClCompile>
    <ClCompile Include="AnahtarUreteci.cpp">
      <Filter>Source Files</Filter>
    </ClCompile>
    <ClCompile Include="aes.cpp">
      <Filter>Source Files</Filter>
    </ClCompile>
    <ClCompile Include="DialogBase.cpp">
      <Filter>Source Files</Filter>
    </ClCompile>
    <ClCompile Include="KeyGenerator.cpp">
      <Filter>Source Files</Filter>
    </ClCompile>
    <ClCompile Include="MainDlg.cpp">
      <Filter>Source Files</Filter>
    </ClCompile>
    <ClCompile Include="plaintext.cpp">
      <Filter>Source Files</Filter>
    </ClCompile>
    <ClCompile Include="present.cpp">
      <Filter>Source Files</Filter>
    </ClCompile>
    <ClCompile Include="random.cpp">
      <Filter>Source Files</Filter>
    </ClCompile>
    <ClCompile Include="statFunc.cpp">
      <Filter>Source Files</Filter>
    </ClCompile>
    <ClCompile Include="TabControlHelper.cpp">
      <Filter>Source Files</Filter>
    </ClCompile>
    <ClCompile Include="util.cpp">
      <Filter>Source Files</Filter>
    </ClCompile>
    <ClCompile Include="NEDDlg.cpp">
      <Filter>Source Files</Filter>
    </ClCompile>
    <ClCompile Include="SeedInput.cpp">
      <Filter>Source Files</Filter>
    </ClCompile>
  </ItemGroup>
  <ItemGroup>
    <ResourceCompile Include="AnahtarUreteci.rc">
      <Filter>Resource Files</Filter>
    </ResourceCompile>
  </ItemGroup>
  <ItemGroup>
    <Image Include="small.ico">
      <Filter>Resource Files</Filter>
    </Image>
    <Image Include="AnahtarUreteci.ico">
      <Filter>Resource Files</Filter>
    </Image>
  </ItemGroup>
  <ItemGroup>
    <None Include="..\..\..\..\..\Program Files\Microsoft Visual Studio\2022\Community\VC\Tools\MSVC\14.34.31933\include\atomic" />
  </ItemGroup>
</Project>